{
  "name": "SASurfSpots",
  "lockfileVersion": 2,
  "requires": true,
  "packages": {
    "": {
      "dependencies": {
        "angular": "1.x",
        "leaflet": "^1.9.1"
      }
    },
    "node_modules/angular": {
      "version": "1.8.3",
      "resolved": "https://registry.npmjs.org/angular/-/angular-1.8.3.tgz",
      "integrity": "sha512-5qjkWIQQVsHj4Sb5TcEs4WZWpFeVFHXwxEBHUhrny41D8UrBAd6T/6nPPAsLngJCReIOqi95W3mxdveveutpZw==",
      "deprecated": "For the actively supported Angular, see https://www.npmjs.com/package/@angular/core. AngularJS support has officially ended. For extended AngularJS support options, see https://goo.gle/angularjs-path-forward."
    },
    "node_modules/leaflet": {
      "version": "1.9.1",
      "resolved": "https://registry.npmjs.org/leaflet/-/leaflet-1.9.1.tgz",
      "integrity": "sha512-5FcDAMTLAuOq0RisQQbTFatl8Sl4bM0gMrBfuHbl7CYbYJv45BfCS8oU3T644MLjleBq1Ncq541QEA1pqUGTFA=="
    }
  },
  "dependencies": {
    "angular": {
      "version": "1.8.3",
      "resolved": "https://registry.npmjs.org/angular/-/angular-1.8.3.tgz",
      "integrity": "sha512-5qjkWIQQVsHj4Sb5TcEs4WZWpFeVFHXwxEBHUhrny41D8UrBAd6T/6nPPAsLngJCReIOqi95W3mxdveveutpZw=="
    },
    "leaflet": {
      "version": "1.9.1",
      "resolved": "https://registry.npmjs.org/leaflet/-/leaflet-1.9.1.tgz",
      "integrity": "sha512-5FcDAMTLAuOq0RisQQbTFatl8Sl4bM0gMrBfuHbl7CYbYJv45BfCS8oU3T644MLjleBq1Ncq541QEA1pqUGTFA=="
    }
  }
}
